{
  "name": "indigo",
  "version": "3.0.0",
  "lockfileVersion": 1,
  "requires": true,
  "dependencies": {
    "@fortawesome/fontawesome-free": {
      "version": "5.2.0",
      "resolved": "https://registry.npmjs.org/@fortawesome/fontawesome-free/-/fontawesome-free-5.2.0.tgz",
      "integrity": "sha512-4pgStJx9UmydKc7wwF6Xjw4dFqzUnQejeuP2aUNHWazayWbmMbrx5rieN9+oob4bUwkf1thS3am0Ko+uhFHpNA==",
      "dev": true
    },
    "ancestors": {
      "version": "0.0.3",
      "resolved": "https://registry.npmjs.org/ancestors/-/ancestors-0.0.3.tgz",
      "integrity": "sha1-Ek65RER9aLMCBXBH0V0Hep2lF50="
    },
    "bootstrap": {
      "version": "4.3.1",
      "resolved": "https://registry.npmjs.org/bootstrap/-/bootstrap-4.3.1.tgz",
      "integrity": "sha512-rXqOmH1VilAt2DyPzluTi2blhk17bO7ef+zLLPlWvG494pDxcM234pJ8wTc/6R40UWizAIIMgxjvxZg5kmsbag=="
    },
    "bootstrap-select": {
      "version": "1.13.5",
      "resolved": "https://registry.npmjs.org/bootstrap-select/-/bootstrap-select-1.13.5.tgz",
      "integrity": "sha512-1uYsYLB4FvGdwM6qzIfTxp6sP5gDqjPgWNHJztBfYUTIo1GUYG5zzmMVWiJvdxJlsvBXZ9AObmeZdzi0eg2jaA=="
    },
    "bower": {
      "version": "1.8.8",
      "resolved": "https://registry.npmjs.org/bower/-/bower-1.8.8.tgz",
      "integrity": "sha512-1SrJnXnkP9soITHptSO+ahx3QKp3cVzn8poI6ujqc5SeOkg5iqM1pK9H+DSc2OQ8SnO0jC/NG4Ur/UIwy7574A=="
    },
    "chart.js": {
      "version": "2.8.0",
      "resolved": "https://registry.npmjs.org/chart.js/-/chart.js-2.8.0.tgz",
      "integrity": "sha512-Di3wUL4BFvqI5FB5K26aQ+hvWh8wnP9A3DWGvXHVkO13D3DSnaSsdZx29cXlEsYKVkn1E2az+ZYFS4t0zi8x0w==",
      "requires": {
        "chartjs-color": "^2.1.0",
        "moment": "^2.10.2"
      }
    },
    "chartjs-color": {
      "version": "2.3.0",
      "resolved": "https://registry.npmjs.org/chartjs-color/-/chartjs-color-2.3.0.tgz",
      "integrity": "sha512-hEvVheqczsoHD+fZ+tfPUE+1+RbV6b+eksp2LwAhwRTVXEjCSEavvk+Hg3H6SZfGlPh/UfmWKGIvZbtobOEm3g==",
      "requires": {
        "chartjs-color-string": "^0.6.0",
        "color-convert": "^0.5.3"
      }
    },
    "chartjs-color-string": {
      "version": "0.6.0",
      "resolved": "https://registry.npmjs.org/chartjs-color-string/-/chartjs-color-string-0.6.0.tgz",
      "integrity": "sha512-TIB5OKn1hPJvO7JcteW4WY/63v6KwEdt6udfnDE9iCAZgy+V4SrbSxoIbTw/xkUIapjEI4ExGtD0+6D3KyFd7A==",
      "requires": {
        "color-name": "^1.0.0"
      }
    },
    "color-convert": {
      "version": "0.5.3",
      "resolved": "https://registry.npmjs.org/color-convert/-/color-convert-0.5.3.tgz",
      "integrity": "sha1-vbbGnOZg+t/+CwAHzER+G59ygr0="
    },
    "color-name": {
      "version": "1.1.4",
      "resolved": "https://registry.npmjs.org/color-name/-/color-name-1.1.4.tgz",
      "integrity": "sha512-dOy+3AuW3a2wNbZHIuMZpTcgjGuLU/uBL/ubcZF9OXbDo8ff4O8yVp5Bf0efS8uEoYo5q4Fx7dY9OgQGXgAsQA=="
    },
    "diff-match-patch": {
      "version": "1.0.4",
      "resolved": "https://registry.npmjs.org/diff-match-patch/-/diff-match-patch-1.0.4.tgz",
      "integrity": "sha512-Uv3SW8bmH9nAtHKaKSanOQmj2DnlH65fUpcrMdfdaOxUG02QQ4YGZ8AE7kKOMisF7UqvOlGKVYWRvezdncW9lg=="
    },
    "dom-anchor-text-position": {
      "version": "4.0.0",
      "resolved": "https://registry.npmjs.org/dom-anchor-text-position/-/dom-anchor-text-position-4.0.0.tgz",
      "integrity": "sha1-TIObO97ZTwyrDwagGJRo8/HsK7I=",
      "requires": {
        "dom-node-iterator": "^3.5.0",
        "dom-seek": "^4.0.1"
      }
    },
    "dom-anchor-text-quote": {
      "version": "4.0.2",
      "resolved": "https://registry.npmjs.org/dom-anchor-text-quote/-/dom-anchor-text-quote-4.0.2.tgz",
      "integrity": "sha1-Kh4M1OBsebC/oShK7L9wYgKPwtc=",
      "requires": {
        "diff-match-patch": "^1.0.0",
        "dom-anchor-text-position": "^4.0.0"
      }
    },
    "dom-node-iterator": {
      "version": "3.5.3",
      "resolved": "https://registry.npmjs.org/dom-node-iterator/-/dom-node-iterator-3.5.3.tgz",
      "integrity": "sha1-MraKpECWLxc0SHAp9USj23BGN7c="
    },
    "dom-seek": {
      "version": "4.0.3",
      "resolved": "https://registry.npmjs.org/dom-seek/-/dom-seek-4.0.3.tgz",
      "integrity": "sha1-8U3d8Es/sGLZAcewCwwUKgbgqUs=",
      "requires": {
        "ancestors": "0.0.3",
        "index-of": "^0.2.0"
      }
    },
    "he": {
      "version": "1.2.0",
      "resolved": "https://registry.npmjs.org/he/-/he-1.2.0.tgz",
      "integrity": "sha512-F/1DnUGPopORZi0ni+CvrCgHQ5FyEAHRLSApuYWMmrbSwoN2Mn/7k+Gl38gJnR7yyDZk6WLXwiGod1JOWNDKGw=="
    },
    "index-of": {
      "version": "0.2.0",
      "resolved": "https://registry.npmjs.org/index-of/-/index-of-0.2.0.tgz",
      "integrity": "sha1-OMHiNn6lXf+tO261kuwcwwkNfWU="
    },
    "indigo-web": {
      "version": "3.9.0",
      "resolved": "https://registry.npmjs.org/indigo-web/-/indigo-web-3.9.0.tgz",
      "integrity": "sha512-VApP32zWZ9qygBOFAc8kAYUFBjm/9EU4qMGKV//dszapzjBZPwx5NPwOSggqeeq1UjYixUHt00zM1Mx2nNxmtg=="
    },
    "moment": {
      "version": "2.24.0",
      "resolved": "https://registry.npmjs.org/moment/-/moment-2.24.0.tgz",
      "integrity": "sha512-bV7f+6l2QigeBBZSM/6yTNq4P2fNpSWj/0e7jQcy87A8e7o2nAfP/34/2ky5Vw4B9S446EtIhodAzkFCcR4dQg=="
    },
    "yarn": {
      "version": "1.22.0",
      "resolved": "https://registry.npmjs.org/yarn/-/yarn-1.22.0.tgz",
      "integrity": "sha512-KMHP/Jq53jZKTY9iTUt3dIVl/be6UPs2INo96+BnZHLKxYNTfwMmlgHTaMWyGZoO74RI4AIFvnWhYrXq2USJkg=="
    }
  }
}
