{
  "name": "indigo",
  "version": "3.0.0",
  "lockfileVersion": 1,
  "requires": true,
  "dependencies": {
    "@fortawesome/fontawesome-free": {
      "version": "5.2.0",
      "resolved": "https://registry.npmjs.org/@fortawesome/fontawesome-free/-/fontawesome-free-5.2.0.tgz",
      "integrity": "sha512-4pgStJx9UmydKc7wwF6Xjw4dFqzUnQejeuP2aUNHWazayWbmMbrx5rieN9+oob4bUwkf1thS3am0Ko+uhFHpNA==",
      "dev": true
    },
    "bootstrap": {
      "version": "4.3.1",
      "resolved": "https://registry.npmjs.org/bootstrap/-/bootstrap-4.3.1.tgz",
      "integrity": "sha512-rXqOmH1VilAt2DyPzluTi2blhk17bO7ef+zLLPlWvG494pDxcM234pJ8wTc/6R40UWizAIIMgxjvxZg5kmsbag=="
    },
    "bootstrap-select": {
      "version": "1.13.5",
      "resolved": "https://registry.npmjs.org/bootstrap-select/-/bootstrap-select-1.13.5.tgz",
      "integrity": "sha512-1uYsYLB4FvGdwM6qzIfTxp6sP5gDqjPgWNHJztBfYUTIo1GUYG5zzmMVWiJvdxJlsvBXZ9AObmeZdzi0eg2jaA=="
    },
    "bower": {
      "version": "1.8.0",
      "resolved": "https://registry.npmjs.org/bower/-/bower-1.8.0.tgz",
      "integrity": "sha1-Vdvr7wrZFVOC2enT5JfBNyNFtEo="
    },
    "chart.js": {
      "version": "2.8.0",
      "resolved": "https://registry.npmjs.org/chart.js/-/chart.js-2.8.0.tgz",
      "integrity": "sha512-Di3wUL4BFvqI5FB5K26aQ+hvWh8wnP9A3DWGvXHVkO13D3DSnaSsdZx29cXlEsYKVkn1E2az+ZYFS4t0zi8x0w==",
      "requires": {
        "chartjs-color": "^2.1.0",
        "moment": "^2.10.2"
      }
    },
    "chartjs-color": {
      "version": "2.3.0",
      "resolved": "https://registry.npmjs.org/chartjs-color/-/chartjs-color-2.3.0.tgz",
      "integrity": "sha512-hEvVheqczsoHD+fZ+tfPUE+1+RbV6b+eksp2LwAhwRTVXEjCSEavvk+Hg3H6SZfGlPh/UfmWKGIvZbtobOEm3g==",
      "requires": {
        "chartjs-color-string": "^0.6.0",
        "color-convert": "^0.5.3"
      }
    },
    "chartjs-color-string": {
      "version": "0.6.0",
      "resolved": "https://registry.npmjs.org/chartjs-color-string/-/chartjs-color-string-0.6.0.tgz",
      "integrity": "sha512-TIB5OKn1hPJvO7JcteW4WY/63v6KwEdt6udfnDE9iCAZgy+V4SrbSxoIbTw/xkUIapjEI4ExGtD0+6D3KyFd7A==",
      "requires": {
        "color-name": "^1.0.0"
      }
    },
    "color-convert": {
      "version": "0.5.3",
      "resolved": "https://registry.npmjs.org/color-convert/-/color-convert-0.5.3.tgz",
      "integrity": "sha1-vbbGnOZg+t/+CwAHzER+G59ygr0="
    },
    "color-name": {
      "version": "1.1.4",
      "resolved": "https://registry.npmjs.org/color-name/-/color-name-1.1.4.tgz",
      "integrity": "sha512-dOy+3AuW3a2wNbZHIuMZpTcgjGuLU/uBL/ubcZF9OXbDo8ff4O8yVp5Bf0efS8uEoYo5q4Fx7dY9OgQGXgAsQA=="
    },
    "indigo-web": {
      "version": "3.4.0",
      "resolved": "https://registry.npmjs.org/indigo-web/-/indigo-web-3.4.0.tgz",
      "integrity": "sha512-e0A0NuV/zoh88lcon8DxJX54XgxRoNvZmVOPjyf3dJqVY7D57qDAEMLd9GehpAL9346ssnD8aMYCaAUYGNcTpA=="
    },
    "moment": {
      "version": "2.24.0",
      "resolved": "https://registry.npmjs.org/moment/-/moment-2.24.0.tgz",
      "integrity": "sha512-bV7f+6l2QigeBBZSM/6yTNq4P2fNpSWj/0e7jQcy87A8e7o2nAfP/34/2ky5Vw4B9S446EtIhodAzkFCcR4dQg=="
    },
    "yarn": {
      "version": "1.6.0",
      "resolved": "https://registry.npmjs.org/yarn/-/yarn-1.6.0.tgz",
      "integrity": "sha1-nOxveYbcI3057HBc502VFV/lXUs="
    }
  }
}
